
Microsoft Visual Studio Solution File, Format Version 12.00
# Visual Studio Version 17
VisualStudioVersion = 17.11.35431.28
MinimumVisualStudioVersion = 10.0.40219.1
Project("{FAE04EC0-301F-11D3-BF4B-00C04F79EFBC}") = "17_Calculator", "17_Calculator.csproj", "{807FAFA0-0638-4076-99F7-B54C454C009C}"
EndProject
Global
	GlobalSection(SolutionConfigurationPlatforms) = preSolution
		Debug|Any CPU = Debug|Any CPU
		Release|Any CPU = Release|Any CPU
	EndGlobalSection
	GlobalSection(ProjectConfigurationPlatforms) = postSolution
		{807FAFA0-0638-4076-99F7-B54C454C009C}.Debug|Any CPU.ActiveCfg = Debug|Any CPU
		{807FAFA0-0638-4076-99F7-B54C454C009C}.Debug|Any CPU.Build.0 = Debug|Any CPU
		{807FAFA0-0638-4076-99F7-B54C454C009C}.Release|Any CPU.ActiveCfg = Release|Any CPU
		{807FAFA0-0638-4076-99F7-B54C454C009C}.Release|Any CPU.Build.0 = Release|Any CPU
	EndGlobalSection
	GlobalSection(SolutionProperties) = preSolution
		HideSolutionNode = FALSE
	EndGlobalSection
	GlobalSection(ExtensibilityGlobals) = postSolution
		SolutionGuid = {21056544-B9C7-46EA-9CA7-520BD1A56D77}
	EndGlobalSection
EndGlobal
